
Microsoft Visual Studio Solution File, Format Version 12.00
# Visual Studio Version 17
VisualStudioVersion = 17.3.32922.545
MinimumVisualStudioVersion = 10.0.40219.1
Project("{FAE04EC0-301F-11D3-BF4B-00C04F79EFBC}") = "Web app", "Web app.csproj", "{EC69D2CE-AD71-4CA3-85F6-3F74C8E6DF51}"
EndProject
Global
	GlobalSection(SolutionConfigurationPlatforms) = preSolution
		Debug|Any CPU = Debug|Any CPU
		Release|Any CPU = Release|Any CPU
	EndGlobalSection
	GlobalSection(ProjectConfigurationPlatforms) = postSolution
		{EC69D2CE-AD71-4CA3-85F6-3F74C8E6DF51}.Debug|Any CPU.ActiveCfg = Debug|Any CPU
		{EC69D2CE-AD71-4CA3-85F6-3F74C8E6DF51}.Debug|Any CPU.Build.0 = Debug|Any CPU
		{EC69D2CE-AD71-4CA3-85F6-3F74C8E6DF51}.Release|Any CPU.ActiveCfg = Release|Any CPU
		{EC69D2CE-AD71-4CA3-85F6-3F74C8E6DF51}.Release|Any CPU.Build.0 = Release|Any CPU
	EndGlobalSection
	GlobalSection(SolutionProperties) = preSolution
		HideSolutionNode = FALSE
	EndGlobalSection
	GlobalSection(ExtensibilityGlobals) = postSolution
		SolutionGuid = {E1929734-2A53-4F3F-BDAB-54F89D9378A8}
	EndGlobalSection
EndGlobal
